
Microsoft Visual Studio Solution File, Format Version 12.00
# Visual Studio Version 16
VisualStudioVersion = 16.0.29911.84
MinimumVisualStudioVersion = 10.0.40219.1
Project("{2150E333-8FDC-42A3-9474-1A3956D46DE8}") = "Services", "Services", "{BBF16856-61B9-47FB-9B79-2B05169744B2}"
EndProject
Project("{2150E333-8FDC-42A3-9474-1A3956D46DE8}") = "Catalog", "Catalog", "{5ECB4F6F-5F2B-41D3-A898-B20AF206E58F}"
EndProject
Project("{9A19103F-16F7-4668-BE54-9A1E7A4F7556}") = "Catalog.API", "Services\Catalog\Catalog.API\Catalog.API.csproj", "{A5315DB8-BFF9-4E35-AB7A-25D8C5D034D4}"
EndProject
Project("{E53339B2-1760-4266-BCC7-CA923CBCF16C}") = "docker-compose", "docker-compose.dcproj", "{299DCD2D-95A4-45E8-841F-22081E702A01}"
EndProject
Project("{2150E333-8FDC-42A3-9474-1A3956D46DE8}") = "Basket", "Basket", "{62BC8F51-7227-46A8-8F35-B9376EF29A8B}"
EndProject
Project("{9A19103F-16F7-4668-BE54-9A1E7A4F7556}") = "Basket.API", "Services\Basket\Basket.API\Basket.API.csproj", "{D8332055-F543-4E72-ACF9-7E9C1BEF6158}"
EndProject
Project("{2150E333-8FDC-42A3-9474-1A3956D46DE8}") = "Discount", "Discount", "{674BF2D7-3438-48F4-8DD1-D00EE0828A41}"
EndProject
Project("{9A19103F-16F7-4668-BE54-9A1E7A4F7556}") = "Discount.API", "Services\Discount\Discount.API\Discount.API.csproj", "{5D8ACCED-2641-4C9E-AF82-0B41EA0DB744}"
EndProject
Project("{9A19103F-16F7-4668-BE54-9A1E7A4F7556}") = "Discount.Grpc", "Services\Discount\Discount.Grpc\Discount.Grpc.csproj", "{B2C0E3EC-F9F5-4ADC-BA61-3B06CBA8F566}"
EndProject
Project("{2150E333-8FDC-42A3-9474-1A3956D46DE8}") = "Ordering", "Ordering", "{2B82B192-CEFD-4FB7-9490-4D790F71E507}"
EndProject
Project("{9A19103F-16F7-4668-BE54-9A1E7A4F7556}") = "Ordering.API", "Services\Ordering\Ordering.API\Ordering.API.csproj", "{E3748E55-9781-4F61-BB12-7EFB286AA87D}"
EndProject
Project("{9A19103F-16F7-4668-BE54-9A1E7A4F7556}") = "Ordering.Domain", "Services\Ordering\Ordering.Domain\Ordering.Domain.csproj", "{896B61D8-71BA-4A1D-ABEA-8D63575D154A}"
EndProject
Project("{9A19103F-16F7-4668-BE54-9A1E7A4F7556}") = "Ordering.Application", "Services\Ordering\Ordering.Application\Ordering.Application.csproj", "{B03C4D95-C5BB-45DA-AE82-F8B5E3D9BE2B}"
EndProject
Project("{9A19103F-16F7-4668-BE54-9A1E7A4F7556}") = "Ordering.Infrastructure", "Services\Ordering\Ordering.Infrastructure\Ordering.Infrastructure.csproj", "{C6221B9C-6881-4761-8D37-220AF72A259A}"
EndProject
Project("{2150E333-8FDC-42A3-9474-1A3956D46DE8}") = "BuildingBlocks", "BuildingBlocks", "{9D2282F3-5156-4824-AB1D-7F57A572F10A}"
EndProject
Project("{FAE04EC0-301F-11D3-BF4B-00C04F79EFBC}") = "EventBus.Messages", "BuildingBlocks\EventBus.Messages\EventBus.Messages.csproj", "{C150CCCA-9C54-400C-82EF-C9C1C8AC32F7}"
EndProject
Global
	GlobalSection(SolutionConfigurationPlatforms) = preSolution
		Debug|Any CPU = Debug|Any CPU
		Release|Any CPU = Release|Any CPU
	EndGlobalSection
	GlobalSection(ProjectConfigurationPlatforms) = postSolution
		{A5315DB8-BFF9-4E35-AB7A-25D8C5D034D4}.Debug|Any CPU.ActiveCfg = Debug|Any CPU
		{A5315DB8-BFF9-4E35-AB7A-25D8C5D034D4}.Debug|Any CPU.Build.0 = Debug|Any CPU
		{A5315DB8-BFF9-4E35-AB7A-25D8C5D034D4}.Release|Any CPU.ActiveCfg = Release|Any CPU
		{A5315DB8-BFF9-4E35-AB7A-25D8C5D034D4}.Release|Any CPU.Build.0 = Release|Any CPU
		{299DCD2D-95A4-45E8-841F-22081E702A01}.Debug|Any CPU.ActiveCfg = Debug|Any CPU
		{299DCD2D-95A4-45E8-841F-22081E702A01}.Debug|Any CPU.Build.0 = Debug|Any CPU
		{299DCD2D-95A4-45E8-841F-22081E702A01}.Release|Any CPU.ActiveCfg = Release|Any CPU
		{299DCD2D-95A4-45E8-841F-22081E702A01}.Release|Any CPU.Build.0 = Release|Any CPU
		{D8332055-F543-4E72-ACF9-7E9C1BEF6158}.Debug|Any CPU.ActiveCfg = Debug|Any CPU
		{D8332055-F543-4E72-ACF9-7E9C1BEF6158}.Debug|Any CPU.Build.0 = Debug|Any CPU
		{D8332055-F543-4E72-ACF9-7E9C1BEF6158}.Release|Any CPU.ActiveCfg = Release|Any CPU
		{D8332055-F543-4E72-ACF9-7E9C1BEF6158}.Release|Any CPU.Build.0 = Release|Any CPU
		{5D8ACCED-2641-4C9E-AF82-0B41EA0DB744}.Debug|Any CPU.ActiveCfg = Debug|Any CPU
		{5D8ACCED-2641-4C9E-AF82-0B41EA0DB744}.Debug|Any CPU.Build.0 = Debug|Any CPU
		{5D8ACCED-2641-4C9E-AF82-0B41EA0DB744}.Release|Any CPU.ActiveCfg = Release|Any CPU
		{5D8ACCED-2641-4C9E-AF82-0B41EA0DB744}.Release|Any CPU.Build.0 = Release|Any CPU
		{B2C0E3EC-F9F5-4ADC-BA61-3B06CBA8F566}.Debug|Any CPU.ActiveCfg = Debug|Any CPU
		{B2C0E3EC-F9F5-4ADC-BA61-3B06CBA8F566}.Debug|Any CPU.Build.0 = Debug|Any CPU
		{B2C0E3EC-F9F5-4ADC-BA61-3B06CBA8F566}.Release|Any CPU.ActiveCfg = Release|Any CPU
		{B2C0E3EC-F9F5-4ADC-BA61-3B06CBA8F566}.Release|Any CPU.Build.0 = Release|Any CPU
		{E3748E55-9781-4F61-BB12-7EFB286AA87D}.Debug|Any CPU.ActiveCfg = Debug|Any CPU
		{E3748E55-9781-4F61-BB12-7EFB286AA87D}.Debug|Any CPU.Build.0 = Debug|Any CPU
		{E3748E55-9781-4F61-BB12-7EFB286AA87D}.Release|Any CPU.ActiveCfg = Release|Any CPU
		{E3748E55-9781-4F61-BB12-7EFB286AA87D}.Release|Any CPU.Build.0 = Release|Any CPU
		{896B61D8-71BA-4A1D-ABEA-8D63575D154A}.Debug|Any CPU.ActiveCfg = Debug|Any CPU
		{896B61D8-71BA-4A1D-ABEA-8D63575D154A}.Debug|Any CPU.Build.0 = Debug|Any CPU
		{896B61D8-71BA-4A1D-ABEA-8D63575D154A}.Release|Any CPU.ActiveCfg = Release|Any CPU
		{896B61D8-71BA-4A1D-ABEA-8D63575D154A}.Release|Any CPU.Build.0 = Release|Any CPU
		{B03C4D95-C5BB-45DA-AE82-F8B5E3D9BE2B}.Debug|Any CPU.ActiveCfg = Debug|Any CPU
		{B03C4D95-C5BB-45DA-AE82-F8B5E3D9BE2B}.Debug|Any CPU.Build.0 = Debug|Any CPU
		{B03C4D95-C5BB-45DA-AE82-F8B5E3D9BE2B}.Release|Any CPU.ActiveCfg = Release|Any CPU
		{B03C4D95-C5BB-45DA-AE82-F8B5E3D9BE2B}.Release|Any CPU.Build.0 = Release|Any CPU
		{C6221B9C-6881-4761-8D37-220AF72A259A}.Debug|Any CPU.ActiveCfg = Debug|Any CPU
		{C6221B9C-6881-4761-8D37-220AF72A259A}.Debug|Any CPU.Build.0 = Debug|Any CPU
		{C6221B9C-6881-4761-8D37-220AF72A259A}.Release|Any CPU.ActiveCfg = Release|Any CPU
		{C6221B9C-6881-4761-8D37-220AF72A259A}.Release|Any CPU.Build.0 = Release|Any CPU
		{C150CCCA-9C54-400C-82EF-C9C1C8AC32F7}.Debug|Any CPU.ActiveCfg = Debug|Any CPU
		{C150CCCA-9C54-400C-82EF-C9C1C8AC32F7}.Debug|Any CPU.Build.0 = Debug|Any CPU
		{C150CCCA-9C54-400C-82EF-C9C1C8AC32F7}.Release|Any CPU.ActiveCfg = Release|Any CPU
		{C150CCCA-9C54-400C-82EF-C9C1C8AC32F7}.Release|Any CPU.Build.0 = Release|Any CPU
	EndGlobalSection
	GlobalSection(SolutionProperties) = preSolution
		HideSolutionNode = FALSE
	EndGlobalSection
	GlobalSection(NestedProjects) = preSolution
		{5ECB4F6F-5F2B-41D3-A898-B20AF206E58F} = {BBF16856-61B9-47FB-9B79-2B05169744B2}
		{A5315DB8-BFF9-4E35-AB7A-25D8C5D034D4} = {5ECB4F6F-5F2B-41D3-A898-B20AF206E58F}
		{62BC8F51-7227-46A8-8F35-B9376EF29A8B} = {BBF16856-61B9-47FB-9B79-2B05169744B2}
		{D8332055-F543-4E72-ACF9-7E9C1BEF6158} = {62BC8F51-7227-46A8-8F35-B9376EF29A8B}
		{674BF2D7-3438-48F4-8DD1-D00EE0828A41} = {BBF16856-61B9-47FB-9B79-2B05169744B2}
		{5D8ACCED-2641-4C9E-AF82-0B41EA0DB744} = {674BF2D7-3438-48F4-8DD1-D00EE0828A41}
		{B2C0E3EC-F9F5-4ADC-BA61-3B06CBA8F566} = {674BF2D7-3438-48F4-8DD1-D00EE0828A41}
		{2B82B192-CEFD-4FB7-9490-4D790F71E507} = {BBF16856-61B9-47FB-9B79-2B05169744B2}
		{E3748E55-9781-4F61-BB12-7EFB286AA87D} = {2B82B192-CEFD-4FB7-9490-4D790F71E507}
		{896B61D8-71BA-4A1D-ABEA-8D63575D154A} = {2B82B192-CEFD-4FB7-9490-4D790F71E507}
		{B03C4D95-C5BB-45DA-AE82-F8B5E3D9BE2B} = {2B82B192-CEFD-4FB7-9490-4D790F71E507}
		{C6221B9C-6881-4761-8D37-220AF72A259A} = {2B82B192-CEFD-4FB7-9490-4D790F71E507}
		{C150CCCA-9C54-400C-82EF-C9C1C8AC32F7} = {9D2282F3-5156-4824-AB1D-7F57A572F10A}
	EndGlobalSection
	GlobalSection(ExtensibilityGlobals) = postSolution
		SolutionGuid = {BC53AB15-1784-478C-9DA7-C4612783A5D9}
	EndGlobalSection
EndGlobal
